
Microsoft Visual Studio Solution File, Format Version 12.00
# Visual Studio Version 17
VisualStudioVersion = 17.3.32825.248
MinimumVisualStudioVersion = 10.0.40219.1
Project("{FAE04EC0-301F-11D3-BF4B-00C04F79EFBC}") = "Equação do segundo grau", "Equação do segundo grau.csproj", "{CA79EDD3-E520-499F-B7CB-091EADC96D18}"
EndProject
Global
	GlobalSection(SolutionConfigurationPlatforms) = preSolution
		Debug|Any CPU = Debug|Any CPU
		Release|Any CPU = Release|Any CPU
	EndGlobalSection
	GlobalSection(ProjectConfigurationPlatforms) = postSolution
		{CA79EDD3-E520-499F-B7CB-091EADC96D18}.Debug|Any CPU.ActiveCfg = Debug|Any CPU
		{CA79EDD3-E520-499F-B7CB-091EADC96D18}.Debug|Any CPU.Build.0 = Debug|Any CPU
		{CA79EDD3-E520-499F-B7CB-091EADC96D18}.Release|Any CPU.ActiveCfg = Release|Any CPU
		{CA79EDD3-E520-499F-B7CB-091EADC96D18}.Release|Any CPU.Build.0 = Release|Any CPU
	EndGlobalSection
	GlobalSection(SolutionProperties) = preSolution
		HideSolutionNode = FALSE
	EndGlobalSection
	GlobalSection(ExtensibilityGlobals) = postSolution
		SolutionGuid = {65C8F1D7-531F-4920-B4A4-452415B13608}
	EndGlobalSection
EndGlobal
